
Microsoft Visual Studio Solution File, Format Version 12.00
# Visual Studio Version 17
VisualStudioVersion = 17.2.32630.192
MinimumVisualStudioVersion = 10.0.40219.1
Project("{FAE04EC0-301F-11D3-BF4B-00C04F79EFBC}") = "GraphPrinter", "GraphPrinter\GraphPrinter.csproj", "{386364E3-5713-442E-868F-CC1AD54A16CA}"
EndProject
Global
	GlobalSection(SolutionConfigurationPlatforms) = preSolution
		Debug|Any CPU = Debug|Any CPU
		Release|Any CPU = Release|Any CPU
	EndGlobalSection
	GlobalSection(ProjectConfigurationPlatforms) = postSolution
		{386364E3-5713-442E-868F-CC1AD54A16CA}.Debug|Any CPU.ActiveCfg = Debug|Any CPU
		{386364E3-5713-442E-868F-CC1AD54A16CA}.Debug|Any CPU.Build.0 = Debug|Any CPU
		{386364E3-5713-442E-868F-CC1AD54A16CA}.Release|Any CPU.ActiveCfg = Release|Any CPU
		{386364E3-5713-442E-868F-CC1AD54A16CA}.Release|Any CPU.Build.0 = Release|Any CPU
	EndGlobalSection
	GlobalSection(SolutionProperties) = preSolution
		HideSolutionNode = FALSE
	EndGlobalSection
	GlobalSection(ExtensibilityGlobals) = postSolution
		SolutionGuid = {37B8FA56-59B3-41FE-8090-D30AAC3CF091}
	EndGlobalSection
EndGlobal
